
Microsoft Visual Studio Solution File, Format Version 12.00
# Visual Studio Version 17
VisualStudioVersion = 17.9.34902.65
MinimumVisualStudioVersion = 10.0.40219.1
Project("{FAE04EC0-301F-11D3-BF4B-00C04F79EFBC}") = "WEB_253503_Timoshevich", "WEB_253503_Timoshevich.csproj", "{3D4003EA-E54D-493C-AAA3-7AE212EF692C}"
EndProject
Global
	GlobalSection(SolutionConfigurationPlatforms) = preSolution
		Debug|Any CPU = Debug|Any CPU
		Release|Any CPU = Release|Any CPU
	EndGlobalSection
	GlobalSection(ProjectConfigurationPlatforms) = postSolution
		{3D4003EA-E54D-493C-AAA3-7AE212EF692C}.Debug|Any CPU.ActiveCfg = Debug|Any CPU
		{3D4003EA-E54D-493C-AAA3-7AE212EF692C}.Debug|Any CPU.Build.0 = Debug|Any CPU
		{3D4003EA-E54D-493C-AAA3-7AE212EF692C}.Release|Any CPU.ActiveCfg = Release|Any CPU
		{3D4003EA-E54D-493C-AAA3-7AE212EF692C}.Release|Any CPU.Build.0 = Release|Any CPU
	EndGlobalSection
	GlobalSection(SolutionProperties) = preSolution
		HideSolutionNode = FALSE
	EndGlobalSection
	GlobalSection(ExtensibilityGlobals) = postSolution
		SolutionGuid = {7DBD0586-0FFA-46DD-86DF-3C800166297C}
	EndGlobalSection
EndGlobal
